
Microsoft Visual Studio Solution File, Format Version 12.00
# Visual Studio Version 16
VisualStudioVersion = 16.0.30804.86
MinimumVisualStudioVersion = 10.0.40219.1
Project("{FAE04EC0-301F-11D3-BF4B-00C04F79EFBC}") = "Expenditures", "Expenditures\Expenditures.csproj", "{AB56D0C4-B0AA-438F-B028-AEB85A4EFB0A}"
EndProject
Project("{FAE04EC0-301F-11D3-BF4B-00C04F79EFBC}") = "ExpendituresDAL", "ExpendituresDAL\ExpendituresDAL.csproj", "{B4FC6665-F19B-4428-B0BA-9ADA52EBFDC9}"
EndProject
Project("{FAE04EC0-301F-11D3-BF4B-00C04F79EFBC}") = "ExpendituresBL", "ExpendituresBL\ExpendituresBL.csproj", "{F86F5645-D461-45CF-A89B-D15B054F0D6C}"
EndProject
Global
	GlobalSection(SolutionConfigurationPlatforms) = preSolution
		Debug|Any CPU = Debug|Any CPU
		Release|Any CPU = Release|Any CPU
	EndGlobalSection
	GlobalSection(ProjectConfigurationPlatforms) = postSolution
		{AB56D0C4-B0AA-438F-B028-AEB85A4EFB0A}.Debug|Any CPU.ActiveCfg = Debug|Any CPU
		{AB56D0C4-B0AA-438F-B028-AEB85A4EFB0A}.Debug|Any CPU.Build.0 = Debug|Any CPU
		{AB56D0C4-B0AA-438F-B028-AEB85A4EFB0A}.Release|Any CPU.ActiveCfg = Release|Any CPU
		{AB56D0C4-B0AA-438F-B028-AEB85A4EFB0A}.Release|Any CPU.Build.0 = Release|Any CPU
		{B4FC6665-F19B-4428-B0BA-9ADA52EBFDC9}.Debug|Any CPU.ActiveCfg = Debug|Any CPU
		{B4FC6665-F19B-4428-B0BA-9ADA52EBFDC9}.Debug|Any CPU.Build.0 = Debug|Any CPU
		{B4FC6665-F19B-4428-B0BA-9ADA52EBFDC9}.Release|Any CPU.ActiveCfg = Release|Any CPU
		{B4FC6665-F19B-4428-B0BA-9ADA52EBFDC9}.Release|Any CPU.Build.0 = Release|Any CPU
		{F86F5645-D461-45CF-A89B-D15B054F0D6C}.Debug|Any CPU.ActiveCfg = Debug|Any CPU
		{F86F5645-D461-45CF-A89B-D15B054F0D6C}.Debug|Any CPU.Build.0 = Debug|Any CPU
		{F86F5645-D461-45CF-A89B-D15B054F0D6C}.Release|Any CPU.ActiveCfg = Release|Any CPU
		{F86F5645-D461-45CF-A89B-D15B054F0D6C}.Release|Any CPU.Build.0 = Release|Any CPU
	EndGlobalSection
	GlobalSection(SolutionProperties) = preSolution
		HideSolutionNode = FALSE
	EndGlobalSection
	GlobalSection(ExtensibilityGlobals) = postSolution
		SolutionGuid = {77D800C4-D3C1-4F55-9CDD-08160676F1F4}
	EndGlobalSection
EndGlobal
